
Microsoft Visual Studio Solution File, Format Version 12.00
# Visual Studio Version 16
VisualStudioVersion = 16.0.31205.176
MinimumVisualStudioVersion = 10.0.40219.1
Project("{FAE04EC0-301F-11D3-BF4B-00C04F79EFBC}") = "aspnetcore-sql", "aspnetcore-sql\aspnetcore-sql.csproj", "{A84F48D8-BDBF-4F4B-9899-9EED65318F63}"
EndProject
Global
	GlobalSection(SolutionConfigurationPlatforms) = preSolution
		Debug|Any CPU = Debug|Any CPU
		Release|Any CPU = Release|Any CPU
	EndGlobalSection
	GlobalSection(ProjectConfigurationPlatforms) = postSolution
		{A84F48D8-BDBF-4F4B-9899-9EED65318F63}.Debug|Any CPU.ActiveCfg = Debug|Any CPU
		{A84F48D8-BDBF-4F4B-9899-9EED65318F63}.Debug|Any CPU.Build.0 = Debug|Any CPU
		{A84F48D8-BDBF-4F4B-9899-9EED65318F63}.Release|Any CPU.ActiveCfg = Release|Any CPU
		{A84F48D8-BDBF-4F4B-9899-9EED65318F63}.Release|Any CPU.Build.0 = Release|Any CPU
	EndGlobalSection
	GlobalSection(SolutionProperties) = preSolution
		HideSolutionNode = FALSE
	EndGlobalSection
	GlobalSection(ExtensibilityGlobals) = postSolution
		SolutionGuid = {00D797E0-6892-4FF4-AFEB-53117F0DF30C}
	EndGlobalSection
EndGlobal
